
Microsoft Visual Studio Solution File, Format Version 12.00
# Visual Studio Version 17
VisualStudioVersion = 17.14.36518.9
MinimumVisualStudioVersion = 10.0.40219.1
Project("{2150E333-8FDC-42A3-9474-1A3956D46DE8}") = "Task0", "Task0", "{02EA681E-C7D8-13C7-8484-4AC65E1B71E8}"
EndProject
Project("{FAE04EC0-301F-11D3-BF4B-00C04F79EFBC}") = "Tyuiu.KislayaVA.Sprint1.Task0.V24.Lib", "Tyuiu.KislayaVA.Sprint1.Task0.V24.Lib\Tyuiu.KislayaVA.Sprint1.Task0.V24.Lib.csproj", "{32A612DB-3D49-40D3-870E-FA7FC5DED731}"
EndProject
Project("{FAE04EC0-301F-11D3-BF4B-00C04F79EFBC}") = "Tyuiu.KislayaVA.Sprint1.Task0.V24.Test", "Tyuiu.KislayaVA.Sprint1.Task0.V24.Test\Tyuiu.KislayaVA.Sprint1.Task0.V24.Test.csproj", "{A3AB7D3B-FF84-4C17-BBBA-780CF95477A9}"
EndProject
Project("{FAE04EC0-301F-11D3-BF4B-00C04F79EFBC}") = "Tyuiu.KislayaVA.Sprint1.Task0.V24", "Tyuiu.KislayaVA.Sprint1.Task0.V24\Tyuiu.KislayaVA.Sprint1.Task0.V24.csproj", "{0A60A37E-C94E-4618-B366-E52EF80569C1}"
EndProject
Project("{2150E333-8FDC-42A3-9474-1A3956D46DE8}") = "Task1", "Task1", "{778D7BC7-5E04-48FD-B9F3-555758476DB6}"
EndProject
Project("{FAE04EC0-301F-11D3-BF4B-00C04F79EFBC}") = "Tyuiu.KislayaVA.Sprint1.Task1.V15", "Tyuiu.KislayaVA.Sprint1.Task1.V15\Tyuiu.KislayaVA.Sprint1.Task1.V15.csproj", "{4F023FB3-3CCD-4656-9D56-73C74F2CBB33}"
EndProject
Project("{FAE04EC0-301F-11D3-BF4B-00C04F79EFBC}") = "Tyuiu.KislayaVA.Sprint1.Task1.V15.Lib", "Tyuiu.KislayaVA.Sprint1.Task1.V15.Lib\Tyuiu.KislayaVA.Sprint1.Task1.V15.Lib.csproj", "{0E41468B-1F55-49DB-A2FE-F6A029DBB176}"
EndProject
Project("{FAE04EC0-301F-11D3-BF4B-00C04F79EFBC}") = "Tyuiu.KislayaVA.Sprint1.Task1.V15.Test", "Tyuiu.KislayaVA.Sprint1.Task1.V15.Test\Tyuiu.KislayaVA.Sprint1.Task1.V15.Test.csproj", "{23394D02-4881-4436-B664-C43B607DAF44}"
EndProject
Project("{2150E333-8FDC-42A3-9474-1A3956D46DE8}") = "Task2", "Task2", "{823385F4-20D0-4AEA-ABBE-1EA401EAF4BA}"
EndProject
Project("{2150E333-8FDC-42A3-9474-1A3956D46DE8}") = "Task3", "Task3", "{6E3CA9FD-5225-44FB-B2B9-08EE882B483F}"
EndProject
Project("{2150E333-8FDC-42A3-9474-1A3956D46DE8}") = "Task4", "Task4", "{FE740398-DC6D-454D-AE47-99BCE4869E7B}"
EndProject
Project("{2150E333-8FDC-42A3-9474-1A3956D46DE8}") = "Task5", "Task5", "{0481894A-A171-41D5-81BE-DD7E7AC7352D}"
EndProject
Project("{2150E333-8FDC-42A3-9474-1A3956D46DE8}") = "Task6", "Task6", "{90736493-D341-4F95-B8E5-CEB1DC44EC1A}"
EndProject
Project("{2150E333-8FDC-42A3-9474-1A3956D46DE8}") = "Task7", "Task7", "{07913CD0-912D-4240-B56F-8FB6DC3DD6C6}"
EndProject
Project("{FAE04EC0-301F-11D3-BF4B-00C04F79EFBC}") = "Tyuiu.KislayaVA.Sprint1.Task2.V23.Test", "Tyuiu.KislayaVA.Sprint1.Task2.V23.Test\Tyuiu.KislayaVA.Sprint1.Task2.V23.Test.csproj", "{7C8C14EA-F7BC-41D3-A2E5-24915C5A1EF7}"
EndProject
Project("{FAE04EC0-301F-11D3-BF4B-00C04F79EFBC}") = "Tyuiu.KislayaVA.Sprint1.Task2.V23.Lib", "Tyuiu.KislayaVA.Sprint1.Task2.V23.Lib\Tyuiu.KislayaVA.Sprint1.Task2.V23.Lib.csproj", "{A82E861B-D9AF-4564-9826-48420B26A23D}"
EndProject
Project("{FAE04EC0-301F-11D3-BF4B-00C04F79EFBC}") = "Tyuiu.KislayaVA.Sprint1.Task2.V23", "Tyuiu.KislayaVA.Sprint1.Task2.V23\Tyuiu.KislayaVA.Sprint1.Task2.V23.csproj", "{3C253EE2-343D-464F-8E0D-77C07987037E}"
EndProject
Project("{FAE04EC0-301F-11D3-BF4B-00C04F79EFBC}") = "Tyuiu.KislayaVA.Sprint1.Task3.V15", "Tyuiu.KislayaVA.Sprint1.Task3.V15\Tyuiu.KislayaVA.Sprint1.Task3.V15.csproj", "{492D7864-BCC1-4DD7-A02D-407C13757ACC}"
EndProject
Project("{FAE04EC0-301F-11D3-BF4B-00C04F79EFBC}") = "Tyuiu.KislayaVA.Sprint1.Task3.V15.Lib", "Tyuiu.KislayaVA.Sprint1.Task3.V15.Lib\Tyuiu.KislayaVA.Sprint1.Task3.V15.Lib.csproj", "{0A0B021D-4416-451F-AA24-8FE1B1303E04}"
EndProject
Project("{FAE04EC0-301F-11D3-BF4B-00C04F79EFBC}") = "Tyuiu.KislayaVA.Sprint1.Task3.V15.Test", "Tyuiu.KislayaVA.Sprint1.Task3.V15.Test\Tyuiu.KislayaVA.Sprint1.Task3.V15.Test.csproj", "{E554DDAF-DD46-4CF5-99AD-64F28AFDFCF0}"
EndProject
Project("{FAE04EC0-301F-11D3-BF4B-00C04F79EFBC}") = "Tyuiu.KislayaVA.Sprint1.Task4.V8", "Tyuiu.KislayaVA.Sprint1.Task4.V8\Tyuiu.KislayaVA.Sprint1.Task4.V8.csproj", "{99D813C2-E7E2-44F5-BCF2-8285C67E7A49}"
EndProject
Project("{FAE04EC0-301F-11D3-BF4B-00C04F79EFBC}") = "Tyuiu.KislayaVA.Sprint1.Task4.V8.Test", "Tyuiu.KislayaVA.Sprint1.Task4.V8.Test\Tyuiu.KislayaVA.Sprint1.Task4.V8.Test.csproj", "{4C2A8B01-149B-4561-AC96-CFB8801163B6}"
EndProject
Project("{FAE04EC0-301F-11D3-BF4B-00C04F79EFBC}") = "Tyuiu.KislayaVA.Sprint1.Task4.V8.Lib", "Tyuiu.KislayaVA.Sprint1.Task4.V8.Lib\Tyuiu.KislayaVA.Sprint1.Task4.V8.Lib.csproj", "{11733B4E-0967-43FB-9C3F-ABE5E583A69E}"
EndProject
Project("{FAE04EC0-301F-11D3-BF4B-00C04F79EFBC}") = "Tyuiu.KislayaVA.Sprint1.Task5.V6", "Tyuiu.KislayaVA.Sprint1.Task5.V6\Tyuiu.KislayaVA.Sprint1.Task5.V6.csproj", "{A76EDFED-C0F0-4E15-B18F-F2F0AB0F58B8}"
EndProject
Project("{FAE04EC0-301F-11D3-BF4B-00C04F79EFBC}") = "Tyuiu.KislayaVA.Sprint1.Task5.V6.Lib", "Tyuiu.KislayaVA.Sprint1.Task5.V6.Lib\Tyuiu.KislayaVA.Sprint1.Task5.V6.Lib.csproj", "{03D9EEA1-4401-4D83-84FC-EBBFB2C66A0D}"
EndProject
Project("{FAE04EC0-301F-11D3-BF4B-00C04F79EFBC}") = "Tyuiu.KislayaVA.Sprint1.Task5.V6.Test", "Tyuiu.KislayaVA.Sprint1.Task5.V6.Test\Tyuiu.KislayaVA.Sprint1.Task5.V6.Test.csproj", "{9DD64665-5CD1-462F-896F-CB9FFDECDF50}"
EndProject
Project("{FAE04EC0-301F-11D3-BF4B-00C04F79EFBC}") = "Tyuiu.KislayaVA.Sprint1.Task6.V13", "Tyuiu.KislayaVA.Sprint1.Task6.V13\Tyuiu.KislayaVA.Sprint1.Task6.V13.csproj", "{6B6BEE14-C3EA-4FD5-94AA-537C82A60C71}"
EndProject
Project("{FAE04EC0-301F-11D3-BF4B-00C04F79EFBC}") = "Tyuiu.KislayaVA.Sprint1.Task6.V13.Test", "Tyuiu.KislayaVA.Sprint1.Task6.V13.Test\Tyuiu.KislayaVA.Sprint1.Task6.V13.Test.csproj", "{BA93616A-89A8-43EE-9FF8-DE49B5B362E9}"
EndProject
Project("{FAE04EC0-301F-11D3-BF4B-00C04F79EFBC}") = "Tyuiu.KislayaVA.Sprint1.Task6.V13.Lib", "Tyuiu.KislayaVA.Sprint1.Task6.V13.Lib\Tyuiu.KislayaVA.Sprint1.Task6.V13.Lib.csproj", "{BF63A31E-84EB-444B-8032-8085DFFB1A09}"
EndProject
Project("{FAE04EC0-301F-11D3-BF4B-00C04F79EFBC}") = "Tyuiu.KislayaVA.Sprint1.Task7.V12", "Tyuiu.KislayaVA.Sprint1.Task7.V12\Tyuiu.KislayaVA.Sprint1.Task7.V12.csproj", "{55D36305-73F0-43FF-B257-1098C219C087}"
EndProject
Project("{FAE04EC0-301F-11D3-BF4B-00C04F79EFBC}") = "Tyuiu.KislayaVA.Sprint1.Task7.V12.Lib", "Tyuiu.KislayaVA.Sprint1.Task7.V12.Lib\Tyuiu.KislayaVA.Sprint1.Task7.V12.Lib.csproj", "{AC09CC29-305C-458A-98CD-A63AE3B330E6}"
EndProject
Project("{FAE04EC0-301F-11D3-BF4B-00C04F79EFBC}") = "Tyuiu.KislayaVA.Sprint1.Task7.V12.Test", "Tyuiu.KislayaVA.Sprint1.Task7.V12.Test\Tyuiu.KislayaVA.Sprint1.Task7.V12.Test.csproj", "{E1EDEB3F-3AD8-44AB-83F3-BA3C23446934}"
EndProject
Global
	GlobalSection(SolutionConfigurationPlatforms) = preSolution
		Debug|Any CPU = Debug|Any CPU
		Release|Any CPU = Release|Any CPU
	EndGlobalSection
	GlobalSection(ProjectConfigurationPlatforms) = postSolution
		{32A612DB-3D49-40D3-870E-FA7FC5DED731}.Debug|Any CPU.ActiveCfg = Debug|Any CPU
		{32A612DB-3D49-40D3-870E-FA7FC5DED731}.Debug|Any CPU.Build.0 = Debug|Any CPU
		{32A612DB-3D49-40D3-870E-FA7FC5DED731}.Release|Any CPU.ActiveCfg = Release|Any CPU
		{32A612DB-3D49-40D3-870E-FA7FC5DED731}.Release|Any CPU.Build.0 = Release|Any CPU
		{A3AB7D3B-FF84-4C17-BBBA-780CF95477A9}.Debug|Any CPU.ActiveCfg = Debug|Any CPU
		{A3AB7D3B-FF84-4C17-BBBA-780CF95477A9}.Debug|Any CPU.Build.0 = Debug|Any CPU
		{A3AB7D3B-FF84-4C17-BBBA-780CF95477A9}.Release|Any CPU.ActiveCfg = Release|Any CPU
		{A3AB7D3B-FF84-4C17-BBBA-780CF95477A9}.Release|Any CPU.Build.0 = Release|Any CPU
		{0A60A37E-C94E-4618-B366-E52EF80569C1}.Debug|Any CPU.ActiveCfg = Debug|Any CPU
		{0A60A37E-C94E-4618-B366-E52EF80569C1}.Debug|Any CPU.Build.0 = Debug|Any CPU
		{0A60A37E-C94E-4618-B366-E52EF80569C1}.Release|Any CPU.ActiveCfg = Release|Any CPU
		{0A60A37E-C94E-4618-B366-E52EF80569C1}.Release|Any CPU.Build.0 = Release|Any CPU
		{4F023FB3-3CCD-4656-9D56-73C74F2CBB33}.Debug|Any CPU.ActiveCfg = Debug|Any CPU
		{4F023FB3-3CCD-4656-9D56-73C74F2CBB33}.Debug|Any CPU.Build.0 = Debug|Any CPU
		{4F023FB3-3CCD-4656-9D56-73C74F2CBB33}.Release|Any CPU.ActiveCfg = Release|Any CPU
		{4F023FB3-3CCD-4656-9D56-73C74F2CBB33}.Release|Any CPU.Build.0 = Release|Any CPU
		{0E41468B-1F55-49DB-A2FE-F6A029DBB176}.Debug|Any CPU.ActiveCfg = Debug|Any CPU
		{0E41468B-1F55-49DB-A2FE-F6A029DBB176}.Debug|Any CPU.Build.0 = Debug|Any CPU
		{0E41468B-1F55-49DB-A2FE-F6A029DBB176}.Release|Any CPU.ActiveCfg = Release|Any CPU
		{0E41468B-1F55-49DB-A2FE-F6A029DBB176}.Release|Any CPU.Build.0 = Release|Any CPU
		{23394D02-4881-4436-B664-C43B607DAF44}.Debug|Any CPU.ActiveCfg = Debug|Any CPU
		{23394D02-4881-4436-B664-C43B607DAF44}.Debug|Any CPU.Build.0 = Debug|Any CPU
		{23394D02-4881-4436-B664-C43B607DAF44}.Release|Any CPU.ActiveCfg = Release|Any CPU
		{23394D02-4881-4436-B664-C43B607DAF44}.Release|Any CPU.Build.0 = Release|Any CPU
		{7C8C14EA-F7BC-41D3-A2E5-24915C5A1EF7}.Debug|Any CPU.ActiveCfg = Debug|Any CPU
		{7C8C14EA-F7BC-41D3-A2E5-24915C5A1EF7}.Debug|Any CPU.Build.0 = Debug|Any CPU
		{7C8C14EA-F7BC-41D3-A2E5-24915C5A1EF7}.Release|Any CPU.ActiveCfg = Release|Any CPU
		{7C8C14EA-F7BC-41D3-A2E5-24915C5A1EF7}.Release|Any CPU.Build.0 = Release|Any CPU
		{A82E861B-D9AF-4564-9826-48420B26A23D}.Debug|Any CPU.ActiveCfg = Debug|Any CPU
		{A82E861B-D9AF-4564-9826-48420B26A23D}.Debug|Any CPU.Build.0 = Debug|Any CPU
		{A82E861B-D9AF-4564-9826-48420B26A23D}.Release|Any CPU.ActiveCfg = Release|Any CPU
		{A82E861B-D9AF-4564-9826-48420B26A23D}.Release|Any CPU.Build.0 = Release|Any CPU
		{3C253EE2-343D-464F-8E0D-77C07987037E}.Debug|Any CPU.ActiveCfg = Debug|Any CPU
		{3C253EE2-343D-464F-8E0D-77C07987037E}.Debug|Any CPU.Build.0 = Debug|Any CPU
		{3C253EE2-343D-464F-8E0D-77C07987037E}.Release|Any CPU.ActiveCfg = Release|Any CPU
		{3C253EE2-343D-464F-8E0D-77C07987037E}.Release|Any CPU.Build.0 = Release|Any CPU
		{492D7864-BCC1-4DD7-A02D-407C13757ACC}.Debug|Any CPU.ActiveCfg = Debug|Any CPU
		{492D7864-BCC1-4DD7-A02D-407C13757ACC}.Debug|Any CPU.Build.0 = Debug|Any CPU
		{492D7864-BCC1-4DD7-A02D-407C13757ACC}.Release|Any CPU.ActiveCfg = Release|Any CPU
		{492D7864-BCC1-4DD7-A02D-407C13757ACC}.Release|Any CPU.Build.0 = Release|Any CPU
		{0A0B021D-4416-451F-AA24-8FE1B1303E04}.Debug|Any CPU.ActiveCfg = Debug|Any CPU
		{0A0B021D-4416-451F-AA24-8FE1B1303E04}.Debug|Any CPU.Build.0 = Debug|Any CPU
		{0A0B021D-4416-451F-AA24-8FE1B1303E04}.Release|Any CPU.ActiveCfg = Release|Any CPU
		{0A0B021D-4416-451F-AA24-8FE1B1303E04}.Release|Any CPU.Build.0 = Release|Any CPU
		{E554DDAF-DD46-4CF5-99AD-64F28AFDFCF0}.Debug|Any CPU.ActiveCfg = Debug|Any CPU
		{E554DDAF-DD46-4CF5-99AD-64F28AFDFCF0}.Debug|Any CPU.Build.0 = Debug|Any CPU
		{E554DDAF-DD46-4CF5-99AD-64F28AFDFCF0}.Release|Any CPU.ActiveCfg = Release|Any CPU
		{E554DDAF-DD46-4CF5-99AD-64F28AFDFCF0}.Release|Any CPU.Build.0 = Release|Any CPU
		{99D813C2-E7E2-44F5-BCF2-8285C67E7A49}.Debug|Any CPU.ActiveCfg = Debug|Any CPU
		{99D813C2-E7E2-44F5-BCF2-8285C67E7A49}.Debug|Any CPU.Build.0 = Debug|Any CPU
		{99D813C2-E7E2-44F5-BCF2-8285C67E7A49}.Release|Any CPU.ActiveCfg = Release|Any CPU
		{99D813C2-E7E2-44F5-BCF2-8285C67E7A49}.Release|Any CPU.Build.0 = Release|Any CPU
		{4C2A8B01-149B-4561-AC96-CFB8801163B6}.Debug|Any CPU.ActiveCfg = Debug|Any CPU
		{4C2A8B01-149B-4561-AC96-CFB8801163B6}.Debug|Any CPU.Build.0 = Debug|Any CPU
		{4C2A8B01-149B-4561-AC96-CFB8801163B6}.Release|Any CPU.ActiveCfg = Release|Any CPU
		{4C2A8B01-149B-4561-AC96-CFB8801163B6}.Release|Any CPU.Build.0 = Release|Any CPU
		{11733B4E-0967-43FB-9C3F-ABE5E583A69E}.Debug|Any CPU.ActiveCfg = Debug|Any CPU
		{11733B4E-0967-43FB-9C3F-ABE5E583A69E}.Debug|Any CPU.Build.0 = Debug|Any CPU
		{11733B4E-0967-43FB-9C3F-ABE5E583A69E}.Release|Any CPU.ActiveCfg = Release|Any CPU
		{11733B4E-0967-43FB-9C3F-ABE5E583A69E}.Release|Any CPU.Build.0 = Release|Any CPU
		{A76EDFED-C0F0-4E15-B18F-F2F0AB0F58B8}.Debug|Any CPU.ActiveCfg = Debug|Any CPU
		{A76EDFED-C0F0-4E15-B18F-F2F0AB0F58B8}.Debug|Any CPU.Build.0 = Debug|Any CPU
		{A76EDFED-C0F0-4E15-B18F-F2F0AB0F58B8}.Release|Any CPU.ActiveCfg = Release|Any CPU
		{A76EDFED-C0F0-4E15-B18F-F2F0AB0F58B8}.Release|Any CPU.Build.0 = Release|Any CPU
		{03D9EEA1-4401-4D83-84FC-EBBFB2C66A0D}.Debug|Any CPU.ActiveCfg = Debug|Any CPU
		{03D9EEA1-4401-4D83-84FC-EBBFB2C66A0D}.Debug|Any CPU.Build.0 = Debug|Any CPU
		{03D9EEA1-4401-4D83-84FC-EBBFB2C66A0D}.Release|Any CPU.ActiveCfg = Release|Any CPU
		{03D9EEA1-4401-4D83-84FC-EBBFB2C66A0D}.Release|Any CPU.Build.0 = Release|Any CPU
		{9DD64665-5CD1-462F-896F-CB9FFDECDF50}.Debug|Any CPU.ActiveCfg = Debug|Any CPU
		{9DD64665-5CD1-462F-896F-CB9FFDECDF50}.Debug|Any CPU.Build.0 = Debug|Any CPU
		{9DD64665-5CD1-462F-896F-CB9FFDECDF50}.Release|Any CPU.ActiveCfg = Release|Any CPU
		{9DD64665-5CD1-462F-896F-CB9FFDECDF50}.Release|Any CPU.Build.0 = Release|Any CPU
		{6B6BEE14-C3EA-4FD5-94AA-537C82A60C71}.Debug|Any CPU.ActiveCfg = Debug|Any CPU
		{6B6BEE14-C3EA-4FD5-94AA-537C82A60C71}.Debug|Any CPU.Build.0 = Debug|Any CPU
		{6B6BEE14-C3EA-4FD5-94AA-537C82A60C71}.Release|Any CPU.ActiveCfg = Release|Any CPU
		{6B6BEE14-C3EA-4FD5-94AA-537C82A60C71}.Release|Any CPU.Build.0 = Release|Any CPU
		{BA93616A-89A8-43EE-9FF8-DE49B5B362E9}.Debug|Any CPU.ActiveCfg = Debug|Any CPU
		{BA93616A-89A8-43EE-9FF8-DE49B5B362E9}.Debug|Any CPU.Build.0 = Debug|Any CPU
		{BA93616A-89A8-43EE-9FF8-DE49B5B362E9}.Release|Any CPU.ActiveCfg = Release|Any CPU
		{BA93616A-89A8-43EE-9FF8-DE49B5B362E9}.Release|Any CPU.Build.0 = Release|Any CPU
		{BF63A31E-84EB-444B-8032-8085DFFB1A09}.Debug|Any CPU.ActiveCfg = Debug|Any CPU
		{BF63A31E-84EB-444B-8032-8085DFFB1A09}.Debug|Any CPU.Build.0 = Debug|Any CPU
		{BF63A31E-84EB-444B-8032-8085DFFB1A09}.Release|Any CPU.ActiveCfg = Release|Any CPU
		{BF63A31E-84EB-444B-8032-8085DFFB1A09}.Release|Any CPU.Build.0 = Release|Any CPU
		{55D36305-73F0-43FF-B257-1098C219C087}.Debug|Any CPU.ActiveCfg = Debug|Any CPU
		{55D36305-73F0-43FF-B257-1098C219C087}.Debug|Any CPU.Build.0 = Debug|Any CPU
		{55D36305-73F0-43FF-B257-1098C219C087}.Release|Any CPU.ActiveCfg = Release|Any CPU
		{55D36305-73F0-43FF-B257-1098C219C087}.Release|Any CPU.Build.0 = Release|Any CPU
		{AC09CC29-305C-458A-98CD-A63AE3B330E6}.Debug|Any CPU.ActiveCfg = Debug|Any CPU
		{AC09CC29-305C-458A-98CD-A63AE3B330E6}.Debug|Any CPU.Build.0 = Debug|Any CPU
		{AC09CC29-305C-458A-98CD-A63AE3B330E6}.Release|Any CPU.ActiveCfg = Release|Any CPU
		{AC09CC29-305C-458A-98CD-A63AE3B330E6}.Release|Any CPU.Build.0 = Release|Any CPU
		{E1EDEB3F-3AD8-44AB-83F3-BA3C23446934}.Debug|Any CPU.ActiveCfg = Debug|Any CPU
		{E1EDEB3F-3AD8-44AB-83F3-BA3C23446934}.Debug|Any CPU.Build.0 = Debug|Any CPU
		{E1EDEB3F-3AD8-44AB-83F3-BA3C23446934}.Release|Any CPU.ActiveCfg = Release|Any CPU
		{E1EDEB3F-3AD8-44AB-83F3-BA3C23446934}.Release|Any CPU.Build.0 = Release|Any CPU
	EndGlobalSection
	GlobalSection(SolutionProperties) = preSolution
		HideSolutionNode = FALSE
	EndGlobalSection
	GlobalSection(NestedProjects) = preSolution
		{32A612DB-3D49-40D3-870E-FA7FC5DED731} = {02EA681E-C7D8-13C7-8484-4AC65E1B71E8}
		{A3AB7D3B-FF84-4C17-BBBA-780CF95477A9} = {02EA681E-C7D8-13C7-8484-4AC65E1B71E8}
		{0A60A37E-C94E-4618-B366-E52EF80569C1} = {02EA681E-C7D8-13C7-8484-4AC65E1B71E8}
		{4F023FB3-3CCD-4656-9D56-73C74F2CBB33} = {778D7BC7-5E04-48FD-B9F3-555758476DB6}
		{0E41468B-1F55-49DB-A2FE-F6A029DBB176} = {778D7BC7-5E04-48FD-B9F3-555758476DB6}
		{23394D02-4881-4436-B664-C43B607DAF44} = {778D7BC7-5E04-48FD-B9F3-555758476DB6}
		{7C8C14EA-F7BC-41D3-A2E5-24915C5A1EF7} = {823385F4-20D0-4AEA-ABBE-1EA401EAF4BA}
		{A82E861B-D9AF-4564-9826-48420B26A23D} = {823385F4-20D0-4AEA-ABBE-1EA401EAF4BA}
		{3C253EE2-343D-464F-8E0D-77C07987037E} = {823385F4-20D0-4AEA-ABBE-1EA401EAF4BA}
		{492D7864-BCC1-4DD7-A02D-407C13757ACC} = {6E3CA9FD-5225-44FB-B2B9-08EE882B483F}
		{0A0B021D-4416-451F-AA24-8FE1B1303E04} = {6E3CA9FD-5225-44FB-B2B9-08EE882B483F}
		{E554DDAF-DD46-4CF5-99AD-64F28AFDFCF0} = {6E3CA9FD-5225-44FB-B2B9-08EE882B483F}
		{99D813C2-E7E2-44F5-BCF2-8285C67E7A49} = {FE740398-DC6D-454D-AE47-99BCE4869E7B}
		{4C2A8B01-149B-4561-AC96-CFB8801163B6} = {FE740398-DC6D-454D-AE47-99BCE4869E7B}
		{11733B4E-0967-43FB-9C3F-ABE5E583A69E} = {FE740398-DC6D-454D-AE47-99BCE4869E7B}
		{A76EDFED-C0F0-4E15-B18F-F2F0AB0F58B8} = {0481894A-A171-41D5-81BE-DD7E7AC7352D}
		{03D9EEA1-4401-4D83-84FC-EBBFB2C66A0D} = {0481894A-A171-41D5-81BE-DD7E7AC7352D}
		{9DD64665-5CD1-462F-896F-CB9FFDECDF50} = {0481894A-A171-41D5-81BE-DD7E7AC7352D}
		{6B6BEE14-C3EA-4FD5-94AA-537C82A60C71} = {90736493-D341-4F95-B8E5-CEB1DC44EC1A}
		{BA93616A-89A8-43EE-9FF8-DE49B5B362E9} = {90736493-D341-4F95-B8E5-CEB1DC44EC1A}
		{BF63A31E-84EB-444B-8032-8085DFFB1A09} = {90736493-D341-4F95-B8E5-CEB1DC44EC1A}
		{55D36305-73F0-43FF-B257-1098C219C087} = {07913CD0-912D-4240-B56F-8FB6DC3DD6C6}
		{AC09CC29-305C-458A-98CD-A63AE3B330E6} = {07913CD0-912D-4240-B56F-8FB6DC3DD6C6}
		{E1EDEB3F-3AD8-44AB-83F3-BA3C23446934} = {07913CD0-912D-4240-B56F-8FB6DC3DD6C6}
	EndGlobalSection
	GlobalSection(ExtensibilityGlobals) = postSolution
		SolutionGuid = {E3EA7B59-522A-4E5F-BA41-2AB1B749F134}
	EndGlobalSection
EndGlobal
